
Microsoft Visual Studio Solution File, Format Version 12.00
# Visual Studio Version 17
VisualStudioVersion = 17.5.33530.505
MinimumVisualStudioVersion = 10.0.40219.1
Project("{FAE04EC0-301F-11D3-BF4B-00C04F79EFBC}") = "VoiceToTextTgBot", "VoiceToTextTgBot.csproj", "{603DD39F-C9E8-4366-874D-3FD5F6186903}"
EndProject
Global
	GlobalSection(SolutionConfigurationPlatforms) = preSolution
		Debug|Any CPU = Debug|Any CPU
		Release|Any CPU = Release|Any CPU
	EndGlobalSection
	GlobalSection(ProjectConfigurationPlatforms) = postSolution
		{603DD39F-C9E8-4366-874D-3FD5F6186903}.Debug|Any CPU.ActiveCfg = Debug|Any CPU
		{603DD39F-C9E8-4366-874D-3FD5F6186903}.Debug|Any CPU.Build.0 = Debug|Any CPU
		{603DD39F-C9E8-4366-874D-3FD5F6186903}.Release|Any CPU.ActiveCfg = Release|Any CPU
		{603DD39F-C9E8-4366-874D-3FD5F6186903}.Release|Any CPU.Build.0 = Release|Any CPU
	EndGlobalSection
	GlobalSection(SolutionProperties) = preSolution
		HideSolutionNode = FALSE
	EndGlobalSection
	GlobalSection(ExtensibilityGlobals) = postSolution
		SolutionGuid = {6ED8385D-2BB8-4ADA-B1E5-314B812B77BE}
	EndGlobalSection
EndGlobal
